
Microsoft Visual Studio Solution File, Format Version 12.00
# Visual Studio 15
Project("{FAE04EC0-301F-11D3-BF4B-00C04F79EFBC}") = "LaunchingGoogleMapSample.Android", "LaunchingGoogleMapSample.Android\LaunchingGoogleMapSample.Android.csproj", "{4DFFC9B6-B3A2-4E4A-89BF-A49A6DEDA432}"
EndProject
Project("{FAE04EC0-301F-11D3-BF4B-00C04F79EFBC}") = "LaunchingGoogleMapSample.iOS", "LaunchingGoogleMapSample.iOS\LaunchingGoogleMapSample.iOS.csproj", "{FB8435B7-2AF5-4C3F-B070-F6598E47C2A0}"
EndProject
Project("{FAE04EC0-301F-11D3-BF4B-00C04F79EFBC}") = "LaunchingGoogleMapSample", "LaunchingGoogleMapSample\LaunchingGoogleMapSample.csproj", "{BD90A255-0916-4956-ABD3-6258677D84B2}"
EndProject
Global
	GlobalSection(SolutionConfigurationPlatforms) = preSolution
		Debug|Any CPU = Debug|Any CPU
		Release|Any CPU = Release|Any CPU
		Debug|iPhoneSimulator = Debug|iPhoneSimulator
		Release|iPhoneSimulator = Release|iPhoneSimulator
		Debug|iPhone = Debug|iPhone
		Release|iPhone = Release|iPhone
		Ad-Hoc|iPhone = Ad-Hoc|iPhone
		AppStore|iPhone = AppStore|iPhone
	EndGlobalSection
	GlobalSection(ProjectConfigurationPlatforms) = postSolution
		{4DFFC9B6-B3A2-4E4A-89BF-A49A6DEDA432}.Debug|Any CPU.ActiveCfg = Debug|Any CPU
		{4DFFC9B6-B3A2-4E4A-89BF-A49A6DEDA432}.Debug|Any CPU.Build.0 = Debug|Any CPU
		{4DFFC9B6-B3A2-4E4A-89BF-A49A6DEDA432}.Release|Any CPU.ActiveCfg = Release|Any CPU
		{4DFFC9B6-B3A2-4E4A-89BF-A49A6DEDA432}.Release|Any CPU.Build.0 = Release|Any CPU
		{4DFFC9B6-B3A2-4E4A-89BF-A49A6DEDA432}.Debug|iPhoneSimulator.ActiveCfg = Debug|Any CPU
		{4DFFC9B6-B3A2-4E4A-89BF-A49A6DEDA432}.Debug|iPhoneSimulator.Build.0 = Debug|Any CPU
		{4DFFC9B6-B3A2-4E4A-89BF-A49A6DEDA432}.Release|iPhoneSimulator.ActiveCfg = Release|Any CPU
		{4DFFC9B6-B3A2-4E4A-89BF-A49A6DEDA432}.Release|iPhoneSimulator.Build.0 = Release|Any CPU
		{4DFFC9B6-B3A2-4E4A-89BF-A49A6DEDA432}.Debug|iPhone.ActiveCfg = Debug|Any CPU
		{4DFFC9B6-B3A2-4E4A-89BF-A49A6DEDA432}.Debug|iPhone.Build.0 = Debug|Any CPU
		{4DFFC9B6-B3A2-4E4A-89BF-A49A6DEDA432}.Release|iPhone.ActiveCfg = Release|Any CPU
		{4DFFC9B6-B3A2-4E4A-89BF-A49A6DEDA432}.Release|iPhone.Build.0 = Release|Any CPU
		{4DFFC9B6-B3A2-4E4A-89BF-A49A6DEDA432}.Ad-Hoc|iPhone.ActiveCfg = Debug|Any CPU
		{4DFFC9B6-B3A2-4E4A-89BF-A49A6DEDA432}.Ad-Hoc|iPhone.Build.0 = Debug|Any CPU
		{4DFFC9B6-B3A2-4E4A-89BF-A49A6DEDA432}.AppStore|iPhone.ActiveCfg = Debug|Any CPU
		{4DFFC9B6-B3A2-4E4A-89BF-A49A6DEDA432}.AppStore|iPhone.Build.0 = Debug|Any CPU
		{FB8435B7-2AF5-4C3F-B070-F6598E47C2A0}.Debug|Any CPU.ActiveCfg = Debug|iPhoneSimulator
		{FB8435B7-2AF5-4C3F-B070-F6598E47C2A0}.Debug|Any CPU.Build.0 = Debug|iPhoneSimulator
		{FB8435B7-2AF5-4C3F-B070-F6598E47C2A0}.Release|Any CPU.ActiveCfg = Release|iPhoneSimulator
		{FB8435B7-2AF5-4C3F-B070-F6598E47C2A0}.Release|Any CPU.Build.0 = Release|iPhoneSimulator
		{FB8435B7-2AF5-4C3F-B070-F6598E47C2A0}.Debug|iPhoneSimulator.ActiveCfg = Debug|iPhoneSimulator
		{FB8435B7-2AF5-4C3F-B070-F6598E47C2A0}.Debug|iPhoneSimulator.Build.0 = Debug|iPhoneSimulator
		{FB8435B7-2AF5-4C3F-B070-F6598E47C2A0}.Release|iPhoneSimulator.ActiveCfg = Release|iPhoneSimulator
		{FB8435B7-2AF5-4C3F-B070-F6598E47C2A0}.Release|iPhoneSimulator.Build.0 = Release|iPhoneSimulator
		{FB8435B7-2AF5-4C3F-B070-F6598E47C2A0}.Debug|iPhone.ActiveCfg = Debug|iPhone
		{FB8435B7-2AF5-4C3F-B070-F6598E47C2A0}.Debug|iPhone.Build.0 = Debug|iPhone
		{FB8435B7-2AF5-4C3F-B070-F6598E47C2A0}.Release|iPhone.ActiveCfg = Release|iPhone
		{FB8435B7-2AF5-4C3F-B070-F6598E47C2A0}.Release|iPhone.Build.0 = Release|iPhone
		{FB8435B7-2AF5-4C3F-B070-F6598E47C2A0}.Ad-Hoc|iPhone.ActiveCfg = Ad-Hoc|iPhone
		{FB8435B7-2AF5-4C3F-B070-F6598E47C2A0}.Ad-Hoc|iPhone.Build.0 = Ad-Hoc|iPhone
		{FB8435B7-2AF5-4C3F-B070-F6598E47C2A0}.AppStore|iPhone.ActiveCfg = AppStore|iPhone
		{FB8435B7-2AF5-4C3F-B070-F6598E47C2A0}.AppStore|iPhone.Build.0 = AppStore|iPhone
		{BD90A255-0916-4956-ABD3-6258677D84B2}.Debug|Any CPU.ActiveCfg = Debug|Any CPU
		{BD90A255-0916-4956-ABD3-6258677D84B2}.Debug|Any CPU.Build.0 = Debug|Any CPU
		{BD90A255-0916-4956-ABD3-6258677D84B2}.Release|Any CPU.ActiveCfg = Release|Any CPU
		{BD90A255-0916-4956-ABD3-6258677D84B2}.Release|Any CPU.Build.0 = Release|Any CPU
		{BD90A255-0916-4956-ABD3-6258677D84B2}.Debug|iPhoneSimulator.ActiveCfg = Debug|Any CPU
		{BD90A255-0916-4956-ABD3-6258677D84B2}.Debug|iPhoneSimulator.Build.0 = Debug|Any CPU
		{BD90A255-0916-4956-ABD3-6258677D84B2}.Release|iPhoneSimulator.ActiveCfg = Release|Any CPU
		{BD90A255-0916-4956-ABD3-6258677D84B2}.Release|iPhoneSimulator.Build.0 = Release|Any CPU
		{BD90A255-0916-4956-ABD3-6258677D84B2}.Debug|iPhone.ActiveCfg = Debug|Any CPU
		{BD90A255-0916-4956-ABD3-6258677D84B2}.Debug|iPhone.Build.0 = Debug|Any CPU
		{BD90A255-0916-4956-ABD3-6258677D84B2}.Release|iPhone.ActiveCfg = Release|Any CPU
		{BD90A255-0916-4956-ABD3-6258677D84B2}.Release|iPhone.Build.0 = Release|Any CPU
		{BD90A255-0916-4956-ABD3-6258677D84B2}.Ad-Hoc|iPhone.ActiveCfg = Debug|Any CPU
		{BD90A255-0916-4956-ABD3-6258677D84B2}.Ad-Hoc|iPhone.Build.0 = Debug|Any CPU
		{BD90A255-0916-4956-ABD3-6258677D84B2}.AppStore|iPhone.ActiveCfg = Debug|Any CPU
		{BD90A255-0916-4956-ABD3-6258677D84B2}.AppStore|iPhone.Build.0 = Debug|Any CPU
	EndGlobalSection
EndGlobal
